
Microsoft Visual Studio Solution File, Format Version 12.00
# Visual Studio 14
VisualStudioVersion = 14.0.25420.1
MinimumVisualStudioVersion = 10.0.40219.1
Project("{2150E333-8FDC-42A3-9474-1A3956D46DE8}") = "src", "src", "{5EA280D2-96E8-4960-BE0A-EF5A443070CF}"
EndProject
Project("{2150E333-8FDC-42A3-9474-1A3956D46DE8}") = "Solution Items", "Solution Items", "{69235BEA-CA1D-4934-A1AD-267F44044706}"
	ProjectSection(SolutionItems) = preProject
		global.json = global.json
	EndProjectSection
EndProject
Project("{8BB2217D-0F2D-49D1-97BC-3654ED321F3B}") = "ReactDemo", "src\ReactDemo\ReactDemo.xproj", "{38866484-0A68-4805-8D0A-8AB54C4B5EEE}"
EndProject
Global
	GlobalSection(SolutionConfigurationPlatforms) = preSolution
		Debug|Any CPU = Debug|Any CPU
		Release|Any CPU = Release|Any CPU
	EndGlobalSection
	GlobalSection(ProjectConfigurationPlatforms) = postSolution
		{38866484-0A68-4805-8D0A-8AB54C4B5EEE}.Debug|Any CPU.ActiveCfg = Debug|Any CPU
		{38866484-0A68-4805-8D0A-8AB54C4B5EEE}.Debug|Any CPU.Build.0 = Debug|Any CPU
		{38866484-0A68-4805-8D0A-8AB54C4B5EEE}.Release|Any CPU.ActiveCfg = Release|Any CPU
		{38866484-0A68-4805-8D0A-8AB54C4B5EEE}.Release|Any CPU.Build.0 = Release|Any CPU
	EndGlobalSection
	GlobalSection(SolutionProperties) = preSolution
		HideSolutionNode = FALSE
	EndGlobalSection
	GlobalSection(NestedProjects) = preSolution
		{38866484-0A68-4805-8D0A-8AB54C4B5EEE} = {5EA280D2-96E8-4960-BE0A-EF5A443070CF}
	EndGlobalSection
EndGlobal
